
Microsoft Visual Studio Solution File, Format Version 12.00
# Visual Studio 15
VisualStudioVersion = 15.0.28307.757
MinimumVisualStudioVersion = 10.0.40219.1
Project("{8BC9CEB8-8B4A-11D0-8D11-00A0C91BC942}") = "ActionEngine", "ActionEngine\ActionEngine.vcxproj", "{DC7BD88D-7AC0-48D2-B892-76D069B16CCD}"
EndProject
Global
	GlobalSection(SolutionConfigurationPlatforms) = preSolution
		Debug|x64 = Debug|x64
		Debug|x86 = Debug|x86
		Release|x64 = Release|x64
		Release|x86 = Release|x86
	EndGlobalSection
	GlobalSection(ProjectConfigurationPlatforms) = postSolution
		{DC7BD88D-7AC0-48D2-B892-76D069B16CCD}.Debug|x64.ActiveCfg = Debug|x64
		{DC7BD88D-7AC0-48D2-B892-76D069B16CCD}.Debug|x64.Build.0 = Debug|x64
		{DC7BD88D-7AC0-48D2-B892-76D069B16CCD}.Debug|x86.ActiveCfg = Debug|Win32
		{DC7BD88D-7AC0-48D2-B892-76D069B16CCD}.Debug|x86.Build.0 = Debug|Win32
		{DC7BD88D-7AC0-48D2-B892-76D069B16CCD}.Release|x64.ActiveCfg = Release|x64
		{DC7BD88D-7AC0-48D2-B892-76D069B16CCD}.Release|x64.Build.0 = Release|x64
		{DC7BD88D-7AC0-48D2-B892-76D069B16CCD}.Release|x86.ActiveCfg = Release|Win32
		{DC7BD88D-7AC0-48D2-B892-76D069B16CCD}.Release|x86.Build.0 = Release|Win32
	EndGlobalSection
	GlobalSection(SolutionProperties) = preSolution
		HideSolutionNode = FALSE
	EndGlobalSection
	GlobalSection(ExtensibilityGlobals) = postSolution
		SolutionGuid = {79E02132-BF36-4082-9A35-D47FB7E0E4D1}
	EndGlobalSection
EndGlobal
